
Microsoft Visual Studio Solution File, Format Version 12.00
# Visual Studio 15
VisualStudioVersion = 15.0.28010.2016
MinimumVisualStudioVersion = 10.0.40219.1
Project("{8BC9CEB8-8B4A-11D0-8D11-00A0C91BC942}") = "operatiing system", "operatiing system\operatiing system.vcxproj", "{38BE7BB6-84E2-47BD-AC87-0396A4E520A3}"
EndProject
Global
	GlobalSection(SolutionConfigurationPlatforms) = preSolution
		Debug|x64 = Debug|x64
		Debug|x86 = Debug|x86
		Release|x64 = Release|x64
		Release|x86 = Release|x86
	EndGlobalSection
	GlobalSection(ProjectConfigurationPlatforms) = postSolution
		{38BE7BB6-84E2-47BD-AC87-0396A4E520A3}.Debug|x64.ActiveCfg = Debug|x64
		{38BE7BB6-84E2-47BD-AC87-0396A4E520A3}.Debug|x64.Build.0 = Debug|x64
		{38BE7BB6-84E2-47BD-AC87-0396A4E520A3}.Debug|x86.ActiveCfg = Debug|Win32
		{38BE7BB6-84E2-47BD-AC87-0396A4E520A3}.Debug|x86.Build.0 = Debug|Win32
		{38BE7BB6-84E2-47BD-AC87-0396A4E520A3}.Release|x64.ActiveCfg = Release|x64
		{38BE7BB6-84E2-47BD-AC87-0396A4E520A3}.Release|x64.Build.0 = Release|x64
		{38BE7BB6-84E2-47BD-AC87-0396A4E520A3}.Release|x86.ActiveCfg = Release|Win32
		{38BE7BB6-84E2-47BD-AC87-0396A4E520A3}.Release|x86.Build.0 = Release|Win32
	EndGlobalSection
	GlobalSection(SolutionProperties) = preSolution
		HideSolutionNode = FALSE
	EndGlobalSection
	GlobalSection(ExtensibilityGlobals) = postSolution
		SolutionGuid = {82199297-611B-4529-A887-66148962C377}
	EndGlobalSection
EndGlobal
